
Microsoft Visual Studio Solution File, Format Version 11.00
# Visual Studio 2010
Project("{FAE04EC0-301F-11D3-BF4B-00C04F79EFBC}") = "Assembly-CSharp", "Assembly-CSharp.csproj", "{7edb5bf5-2401-f6f2-9614-45c264a6d0e8}"
EndProject
Global
	GlobalSection(SolutionConfigurationPlatforms) = preSolution
		Debug|Any CPU = Debug|Any CPU
		Release|Any CPU = Release|Any CPU
	EndGlobalSection
	GlobalSection(ProjectConfigurationPlatforms) = postSolution
		{7edb5bf5-2401-f6f2-9614-45c264a6d0e8}.Debug|Any CPU.ActiveCfg = Debug|Any CPU
		{7edb5bf5-2401-f6f2-9614-45c264a6d0e8}.Debug|Any CPU.Build.0 = Debug|Any CPU
		{7edb5bf5-2401-f6f2-9614-45c264a6d0e8}.Release|Any CPU.ActiveCfg = Release|Any CPU
		{7edb5bf5-2401-f6f2-9614-45c264a6d0e8}.Release|Any CPU.Build.0 = Release|Any CPU
	EndGlobalSection
	GlobalSection(SolutionProperties) = preSolution
		HideSolutionNode = FALSE
	EndGlobalSection
EndGlobal
